
Microsoft Visual Studio Solution File, Format Version 12.00
# Visual Studio Version 17
VisualStudioVersion = 17.6.33723.286
MinimumVisualStudioVersion = 10.0.40219.1
Project("{FAE04EC0-301F-11D3-BF4B-00C04F79EFBC}") = "WebApplication", "WebApplication\WebApplication.csproj", "{835045FA-648E-44EC-81FF-B5176274647B}"
EndProject
Global
	GlobalSection(SolutionConfigurationPlatforms) = preSolution
		Debug|Any CPU = Debug|Any CPU
		Release|Any CPU = Release|Any CPU
	EndGlobalSection
	GlobalSection(ProjectConfigurationPlatforms) = postSolution
		{835045FA-648E-44EC-81FF-B5176274647B}.Debug|Any CPU.ActiveCfg = Debug|Any CPU
		{835045FA-648E-44EC-81FF-B5176274647B}.Debug|Any CPU.Build.0 = Debug|Any CPU
		{835045FA-648E-44EC-81FF-B5176274647B}.Release|Any CPU.ActiveCfg = Release|Any CPU
		{835045FA-648E-44EC-81FF-B5176274647B}.Release|Any CPU.Build.0 = Release|Any CPU
	EndGlobalSection
	GlobalSection(SolutionProperties) = preSolution
		HideSolutionNode = FALSE
	EndGlobalSection
	GlobalSection(ExtensibilityGlobals) = postSolution
		SolutionGuid = {4CF1E8FB-FEB7-430F-8FC2-71E67A027EA8}
	EndGlobalSection
EndGlobal
